// !$*UTF8*$!
{
	archiveVersion = 1;
	classes = {
	};
	objectVersion = 46;
	objects = {

/* Begin PBXAggregateTarget section */
		1ED5BC751550DEEF000444EC /* all objects */ = {
			isa = PBXAggregateTarget;
			buildConfigurationList = 1ED5BC781550DEEF000444EC /* Build configuration list for PBXAggregateTarget "all objects" */;
			buildPhases = (
			);
			dependencies = (
			);
			name = "all objects";
			productName = "all objects";
		};
/* End PBXAggregateTarget section */

/* Begin PBXBuildFile section */
		30CB9FAD249C1E7800D0E044 /* samplorkg.c in Sources */ = {isa = PBXBuildFile; fileRef = 301C4E4F249C1DBC00C797DB /* samplorkg.c */; };
		30CB9FB0249C1E7800D0E044 /* samplorkg.h in Headers */ = {isa = PBXBuildFile; fileRef = 301C4E4E249C1DBC00C797DB /* samplorkg.h */; };
/* End PBXBuildFile section */

/* Begin PBXFileReference section */
		301C4E4E249C1DBC00C797DB /* samplorkg.h */ = {isa = PBXFileReference; fileEncoding = 4; lastKnownFileType = sourcecode.c.h; name = samplorkg.h; path = ../../../samplorkg.h; sourceTree = "<group>"; };
		301C4E4F249C1DBC00C797DB /* samplorkg.c */ = {isa = PBXFileReference; fileEncoding = 4; lastKnownFileType = sourcecode.c.c; name = samplorkg.c; path = ../../../samplorkg.c; sourceTree = "<group>"; };
		30CB9FB4249C1E7800D0E044 /* samplorkg.pd_darwin */ = {isa = PBXFileReference; explicitFileType = "compiled.mach-o.dylib"; includeInIndex = 0; path = samplorkg.pd_darwin; sourceTree = BUILT_PRODUCTS_DIR; };
/* End PBXFileReference section */

/* Begin PBXFrameworksBuildPhase section */
		30CB9FAE249C1E7800D0E044 /* Frameworks */ = {
			isa = PBXFrameworksBuildPhase;
			buildActionMask = 2147483647;
			files = (
			);
			runOnlyForDeploymentPostprocessing = 0;
		};
/* End PBXFrameworksBuildPhase section */

/* Begin PBXGroup section */
		1E8D73EF152411B5007DAE7C = {
			isa = PBXGroup;
			children = (
				301C4E4F249C1DBC00C797DB /* samplorkg.c */,
				301C4E4E249C1DBC00C797DB /* samplorkg.h */,
				1ED050D4153BD73D00277306 /* doc */,
				1E97CC1416D35138000D20C4 /* source */,
				1E8D73FB152411B5007DAE7C /* objects */,
			);
			sourceTree = "<group>";
		};
		1E8D73FB152411B5007DAE7C /* objects */ = {
			isa = PBXGroup;
			children = (
				30CB9FB4249C1E7800D0E044 /* samplorkg.pd_darwin */,
			);
			name = objects;
			path = ../../objects;
			sourceTree = SOURCE_ROOT;
		};
		1E97CC1416D35138000D20C4 /* source */ = {
			isa = PBXGroup;
			children = (
			);
			name = source;
			path = ../source;
			sourceTree = "<group>";
		};
		1ED050D4153BD73D00277306 /* doc */ = {
			isa = PBXGroup;
			children = (
			);
			name = doc;
			path = ../doc;
			sourceTree = "<group>";
		};
/* End PBXGroup section */

/* Begin PBXHeadersBuildPhase section */
		30CB9FAF249C1E7800D0E044 /* Headers */ = {
			isa = PBXHeadersBuildPhase;
			buildActionMask = 2147483647;
			files = (
				30CB9FB0249C1E7800D0E044 /* samplorkg.h in Headers */,
			);
			runOnlyForDeploymentPostprocessing = 0;
		};
/* End PBXHeadersBuildPhase section */

/* Begin PBXNativeTarget section */
		30CB9FAB249C1E7800D0E044 /* samplorkg */ = {
			isa = PBXNativeTarget;
			buildConfigurationList = 30CB9FB1249C1E7800D0E044 /* Build configuration list for PBXNativeTarget "samplorkg" */;
			buildPhases = (
				30CB9FAC249C1E7800D0E044 /* Sources */,
				30CB9FAE249C1E7800D0E044 /* Frameworks */,
				30CB9FAF249C1E7800D0E044 /* Headers */,
			);
			buildRules = (
			);
			dependencies = (
			);
			name = samplorkg;
			productName = "add~";
			productReference = 30CB9FB4249C1E7800D0E044 /* samplorkg.pd_darwin */;
			productType = "com.apple.product-type.library.dynamic";
		};
/* End PBXNativeTarget section */

/* Begin PBXProject section */
		1E8D73F1152411B5007DAE7C /* Project object */ = {
			isa = PBXProject;
			attributes = {
				LastUpgradeCheck = 0940;
				ORGANIZATIONNAME = "Serge Lemouton";
			};
			buildConfigurationList = 1E8D73F4152411B5007DAE7C /* Build configuration list for PBXProject "samplorkg" */;
			compatibilityVersion = "Xcode 3.2";
			developmentRegion = English;
			hasScannedForEncodings = 0;
			knownRegions = (
				English,
				en,
			);
			mainGroup = 1E8D73EF152411B5007DAE7C;
			productRefGroup = 1E8D73FB152411B5007DAE7C /* objects */;
			projectDirPath = "";
			projectRoot = "";
			targets = (
				1ED5BC751550DEEF000444EC /* all objects */,
				30CB9FAB249C1E7800D0E044 /* samplorkg */,
			);
		};
/* End PBXProject section */

/* Begin PBXSourcesBuildPhase section */
		30CB9FAC249C1E7800D0E044 /* Sources */ = {
			isa = PBXSourcesBuildPhase;
			buildActionMask = 2147483647;
			files = (
				30CB9FAD249C1E7800D0E044 /* samplorkg.c in Sources */,
			);
			runOnlyForDeploymentPostprocessing = 0;
		};
/* End PBXSourcesBuildPhase section */

/* Begin XCBuildConfiguration section */
		1E8D73FC152411B5007DAE7C /* Debug */ = {
			isa = XCBuildConfiguration;
			buildSettings = {
				ALWAYS_SEARCH_USER_PATHS = NO;
				ARCHS = arm64;
				COPY_PHASE_STRIP = NO;
				DEBUG_INFORMATION_FORMAT = "dwarf-with-dsym";
				DEPLOYMENT_LOCATION = YES;
				DSTROOT = /;
				ENABLE_TESTABILITY = YES;
				GCC_C_LANGUAGE_STANDARD = gnu99;
				GCC_DYNAMIC_NO_PIC = NO;
				GCC_ENABLE_OBJC_EXCEPTIONS = YES;
				GCC_OPTIMIZATION_LEVEL = 0;
				GCC_PREPROCESSOR_DEFINITIONS = (
					"DEBUG=1",
					"$(inherited)",
				);
				GCC_SYMBOLS_PRIVATE_EXTERN = NO;
				GCC_UNROLL_LOOPS = YES;
				GCC_WARN_64_TO_32_BIT_CONVERSION = YES;
				GCC_WARN_ABOUT_RETURN_TYPE = YES;
				GCC_WARN_UNINITIALIZED_AUTOS = YES;
				GCC_WARN_UNUSED_VARIABLE = YES;
				INSTALL_PATH = "$(PROJECT_DIR)/../../objects";
				MACOSX_DEPLOYMENT_TARGET = 13.3;
				ONLY_ACTIVE_ARCH = NO;
				OTHER_LDFLAGS = (
					"-undefined",
					dynamic_lookup,
				);
				SDKROOT = macosx;
				STRIP_INSTALLED_PRODUCT = NO;
				USER_HEADER_SEARCH_PATHS = "/Applications/Pd-0.55-2.app/Contents/Resources/src";
			};
			name = Debug;
		};
		1E8D73FD152411B5007DAE7C /* Release */ = {
			isa = XCBuildConfiguration;
			buildSettings = {
				ALWAYS_SEARCH_USER_PATHS = NO;
				ARCHS = arm64;
				COPY_PHASE_STRIP = YES;
				DEBUG_INFORMATION_FORMAT = "dwarf-with-dsym";
				DEPLOYMENT_LOCATION = YES;
				DSTROOT = /;
				ENABLE_TESTABILITY = YES;
				GCC_C_LANGUAGE_STANDARD = gnu99;
				GCC_ENABLE_OBJC_EXCEPTIONS = YES;
				GCC_OPTIMIZATION_LEVEL = 3;
				GCC_UNROLL_LOOPS = YES;
				GCC_WARN_64_TO_32_BIT_CONVERSION = YES;
				GCC_WARN_ABOUT_RETURN_TYPE = YES;
				GCC_WARN_UNINITIALIZED_AUTOS = YES;
				GCC_WARN_UNUSED_VARIABLE = YES;
				INSTALL_PATH = "$(PROJECT_DIR)/../../objects";
				MACOSX_DEPLOYMENT_TARGET = 13.3;
				OTHER_LDFLAGS = (
					"-undefined",
					dynamic_lookup,
				);
				SDKROOT = macosx;
				STRIP_INSTALLED_PRODUCT = NO;
				USER_HEADER_SEARCH_PATHS = "/Applications/Pd-0.55-2.app/Contents/Resources/src";
			};
			name = Release;
		};
		1ED5BC761550DEEF000444EC /* Debug */ = {
			isa = XCBuildConfiguration;
			buildSettings = {
				ARCHS = "$(ARCHS_STANDARD)";
				MACOSX_DEPLOYMENT_TARGET = 13.3;
				ONLY_ACTIVE_ARCH = NO;
				PRODUCT_NAME = "$(TARGET_NAME)";
			};
			name = Debug;
		};
		1ED5BC771550DEEF000444EC /* Release */ = {
			isa = XCBuildConfiguration;
			buildSettings = {
				ARCHS = "$(ARCHS_STANDARD)";
				MACOSX_DEPLOYMENT_TARGET = 13.3;
				ONLY_ACTIVE_ARCH = NO;
				PRODUCT_NAME = "$(TARGET_NAME)";
			};
			name = Release;
		};
		30CB9FB2249C1E7800D0E044 /* Debug */ = {
			isa = XCBuildConfiguration;
			buildSettings = {
				ARCHS = arm64;
				CLANG_CXX_LANGUAGE_STANDARD = "gnu++0x";
				CLANG_CXX_LIBRARY = "libc++";
				CLANG_ENABLE_MODULES = YES;
				CLANG_ENABLE_OBJC_ARC = YES;
				CLANG_WARN_BOOL_CONVERSION = YES;
				CLANG_WARN_CONSTANT_CONVERSION = YES;
				CLANG_WARN_DIRECT_OBJC_ISA_USAGE = YES_ERROR;
				CLANG_WARN_EMPTY_BODY = YES;
				CLANG_WARN_ENUM_CONVERSION = YES;
				CLANG_WARN_INT_CONVERSION = YES;
				CLANG_WARN_OBJC_ROOT_CLASS = YES_ERROR;
				CLANG_WARN_UNREACHABLE_CODE = YES;
				CLANG_WARN__DUPLICATE_METHOD_MATCH = YES;
				COPY_PHASE_STRIP = YES;
				DEBUG_INFORMATION_FORMAT = "dwarf-with-dsym";
				DYLIB_COMPATIBILITY_VERSION = 1;
				DYLIB_CURRENT_VERSION = 1;
				ENABLE_NS_ASSERTIONS = NO;
				ENABLE_STRICT_OBJC_MSGSEND = YES;
				EXECUTABLE_EXTENSION = pd_darwin;
				GCC_OPTIMIZATION_LEVEL = 0;
				GCC_PREPROCESSOR_DEFINITIONS = "$(inherited)";
				GCC_WARN_ABOUT_RETURN_TYPE = YES_ERROR;
				GCC_WARN_UNDECLARED_SELECTOR = YES;
				GCC_WARN_UNINITIALIZED_AUTOS = YES_AGGRESSIVE;
				GCC_WARN_UNUSED_FUNCTION = YES;
				HEADER_SEARCH_PATHS = (
					"/Applications/Pd-0.48-1.app/Contents/Resources/src/**",
					/usr/include/libxml2,
				);
				INSTALL_PATH = "$(PROJECT_DIR)/../../..";
				MACOSX_DEPLOYMENT_TARGET = 11.5;
				MTL_ENABLE_DEBUG_INFO = YES;
				PRODUCT_NAME = "$(TARGET_NAME)";
				STRIP_INSTALLED_PRODUCT = NO;
			};
			name = Debug;
		};
		30CB9FB3249C1E7800D0E044 /* Release */ = {
			isa = XCBuildConfiguration;
			buildSettings = {
				ARCHS = arm64;
				CLANG_CXX_LANGUAGE_STANDARD = "gnu++0x";
				CLANG_CXX_LIBRARY = "libc++";
				CLANG_ENABLE_MODULES = YES;
				CLANG_ENABLE_OBJC_ARC = YES;
				CLANG_WARN_BOOL_CONVERSION = YES;
				CLANG_WARN_CONSTANT_CONVERSION = YES;
				CLANG_WARN_DIRECT_OBJC_ISA_USAGE = YES_ERROR;
				CLANG_WARN_EMPTY_BODY = YES;
				CLANG_WARN_ENUM_CONVERSION = YES;
				CLANG_WARN_INT_CONVERSION = YES;
				CLANG_WARN_OBJC_ROOT_CLASS = YES_ERROR;
				CLANG_WARN_UNREACHABLE_CODE = YES;
				CLANG_WARN__DUPLICATE_METHOD_MATCH = YES;
				DYLIB_COMPATIBILITY_VERSION = 1;
				DYLIB_CURRENT_VERSION = 1;
				ENABLE_NS_ASSERTIONS = NO;
				ENABLE_STRICT_OBJC_MSGSEND = YES;
				EXECUTABLE_EXTENSION = pd_darwin;
				GCC_PREPROCESSOR_DEFINITIONS = "DEBUG=1";
				GCC_WARN_ABOUT_RETURN_TYPE = YES_ERROR;
				GCC_WARN_UNDECLARED_SELECTOR = YES;
				GCC_WARN_UNINITIALIZED_AUTOS = YES_AGGRESSIVE;
				GCC_WARN_UNUSED_FUNCTION = YES;
				HEADER_SEARCH_PATHS = (
					"/Applications/Pd-0.48-1.app/Contents/Resources/src/**",
					/usr/include/libxml2,
				);
				INSTALL_PATH = "$(PROJECT_DIR)/../../..";
				MACOSX_DEPLOYMENT_TARGET = 11.5;
				MTL_ENABLE_DEBUG_INFO = NO;
				PRODUCT_NAME = "$(TARGET_NAME)";
			};
			name = Release;
		};
/* End XCBuildConfiguration section */

/* Begin XCConfigurationList section */
		1E8D73F4152411B5007DAE7C /* Build configuration list for PBXProject "samplorkg" */ = {
			isa = XCConfigurationList;
			buildConfigurations = (
				1E8D73FC152411B5007DAE7C /* Debug */,
				1E8D73FD152411B5007DAE7C /* Release */,
			);
			defaultConfigurationIsVisible = 0;
			defaultConfigurationName = Release;
		};
		1ED5BC781550DEEF000444EC /* Build configuration list for PBXAggregateTarget "all objects" */ = {
			isa = XCConfigurationList;
			buildConfigurations = (
				1ED5BC761550DEEF000444EC /* Debug */,
				1ED5BC771550DEEF000444EC /* Release */,
			);
			defaultConfigurationIsVisible = 0;
			defaultConfigurationName = Release;
		};
		30CB9FB1249C1E7800D0E044 /* Build configuration list for PBXNativeTarget "samplorkg" */ = {
			isa = XCConfigurationList;
			buildConfigurations = (
				30CB9FB2249C1E7800D0E044 /* Debug */,
				30CB9FB3249C1E7800D0E044 /* Release */,
			);
			defaultConfigurationIsVisible = 0;
			defaultConfigurationName = Release;
		};
/* End XCConfigurationList section */
	};
	rootObject = 1E8D73F1152411B5007DAE7C /* Project object */;
}
